
Microsoft Visual Studio Solution File, Format Version 12.00
# Visual Studio Version 16
VisualStudioVersion = 16.0.29020.237
MinimumVisualStudioVersion = 10.0.40219.1
Project("{FAE04EC0-301F-11D3-BF4B-00C04F79EFBC}") = "client", "client\client.csproj", "{BEA82931-C118-4AE3-8834-D7D248A9965A}"
EndProject
Global
	GlobalSection(SolutionConfigurationPlatforms) = preSolution
		Debug|Any CPU = Debug|Any CPU
		Release|Any CPU = Release|Any CPU
	EndGlobalSection
	GlobalSection(ProjectConfigurationPlatforms) = postSolution
		{BEA82931-C118-4AE3-8834-D7D248A9965A}.Debug|Any CPU.ActiveCfg = Debug|Any CPU
		{BEA82931-C118-4AE3-8834-D7D248A9965A}.Debug|Any CPU.Build.0 = Debug|Any CPU
		{BEA82931-C118-4AE3-8834-D7D248A9965A}.Release|Any CPU.ActiveCfg = Release|Any CPU
		{BEA82931-C118-4AE3-8834-D7D248A9965A}.Release|Any CPU.Build.0 = Release|Any CPU
	EndGlobalSection
	GlobalSection(SolutionProperties) = preSolution
		HideSolutionNode = FALSE
	EndGlobalSection
	GlobalSection(ExtensibilityGlobals) = postSolution
		SolutionGuid = {143FD904-1F46-434F-91C9-C8F1AD88AA40}
	EndGlobalSection
EndGlobal
